
Microsoft Visual Studio Solution File, Format Version 12.00
# Visual Studio Version 17
VisualStudioVersion = 17.6.33723.286
MinimumVisualStudioVersion = 10.0.40219.1
Project("{FAE04EC0-301F-11D3-BF4B-00C04F79EFBC}") = "Zhidkova_Laboratory_work_3", "Zhidkova_Laboratory_work_3\Zhidkova_Laboratory_work_3.csproj", "{5C4CEC9C-CE79-4322-A65C-E63C4274070B}"
EndProject
Project("{FAE04EC0-301F-11D3-BF4B-00C04F79EFBC}") = "Zhidkova_Laboratory_work_3_Test", "Zhidkova_Laboratory_work_3_Test\Zhidkova_Laboratory_work_3_Test.csproj", "{739E5B57-97C3-41B4-B403-F63C4244CA96}"
EndProject
Project("{FAE04EC0-301F-11D3-BF4B-00C04F79EFBC}") = "CalcDB", "CalcDB\CalcDB.csproj", "{1638BD6F-7964-481E-A390-5DAE5A8D01E2}"
EndProject
Project("{FAE04EC0-301F-11D3-BF4B-00C04F79EFBC}") = "CalcDB_Test", "CalcDB_Test\CalcDB_Test.csproj", "{C598DAAA-F472-4A45-A74C-205BA9B4BF7D}"
EndProject
Project("{FAE04EC0-301F-11D3-BF4B-00C04F79EFBC}") = "Finance", "Finance\Finance.csproj", "{2BDF8B6F-F7E3-406B-B280-8645AD3A6D6B}"
EndProject
Global
	GlobalSection(SolutionConfigurationPlatforms) = preSolution
		Debug|Any CPU = Debug|Any CPU
		Release|Any CPU = Release|Any CPU
	EndGlobalSection
	GlobalSection(ProjectConfigurationPlatforms) = postSolution
		{5C4CEC9C-CE79-4322-A65C-E63C4274070B}.Debug|Any CPU.ActiveCfg = Debug|Any CPU
		{5C4CEC9C-CE79-4322-A65C-E63C4274070B}.Debug|Any CPU.Build.0 = Debug|Any CPU
		{5C4CEC9C-CE79-4322-A65C-E63C4274070B}.Release|Any CPU.ActiveCfg = Release|Any CPU
		{5C4CEC9C-CE79-4322-A65C-E63C4274070B}.Release|Any CPU.Build.0 = Release|Any CPU
		{739E5B57-97C3-41B4-B403-F63C4244CA96}.Debug|Any CPU.ActiveCfg = Debug|Any CPU
		{739E5B57-97C3-41B4-B403-F63C4244CA96}.Debug|Any CPU.Build.0 = Debug|Any CPU
		{739E5B57-97C3-41B4-B403-F63C4244CA96}.Release|Any CPU.ActiveCfg = Release|Any CPU
		{739E5B57-97C3-41B4-B403-F63C4244CA96}.Release|Any CPU.Build.0 = Release|Any CPU
		{1638BD6F-7964-481E-A390-5DAE5A8D01E2}.Debug|Any CPU.ActiveCfg = Debug|Any CPU
		{1638BD6F-7964-481E-A390-5DAE5A8D01E2}.Debug|Any CPU.Build.0 = Debug|Any CPU
		{1638BD6F-7964-481E-A390-5DAE5A8D01E2}.Release|Any CPU.ActiveCfg = Release|Any CPU
		{1638BD6F-7964-481E-A390-5DAE5A8D01E2}.Release|Any CPU.Build.0 = Release|Any CPU
		{C598DAAA-F472-4A45-A74C-205BA9B4BF7D}.Debug|Any CPU.ActiveCfg = Debug|Any CPU
		{C598DAAA-F472-4A45-A74C-205BA9B4BF7D}.Debug|Any CPU.Build.0 = Debug|Any CPU
		{C598DAAA-F472-4A45-A74C-205BA9B4BF7D}.Release|Any CPU.ActiveCfg = Release|Any CPU
		{C598DAAA-F472-4A45-A74C-205BA9B4BF7D}.Release|Any CPU.Build.0 = Release|Any CPU
		{2BDF8B6F-F7E3-406B-B280-8645AD3A6D6B}.Debug|Any CPU.ActiveCfg = Debug|Any CPU
		{2BDF8B6F-F7E3-406B-B280-8645AD3A6D6B}.Debug|Any CPU.Build.0 = Debug|Any CPU
		{2BDF8B6F-F7E3-406B-B280-8645AD3A6D6B}.Release|Any CPU.ActiveCfg = Release|Any CPU
		{2BDF8B6F-F7E3-406B-B280-8645AD3A6D6B}.Release|Any CPU.Build.0 = Release|Any CPU
	EndGlobalSection
	GlobalSection(SolutionProperties) = preSolution
		HideSolutionNode = FALSE
	EndGlobalSection
	GlobalSection(ExtensibilityGlobals) = postSolution
		SolutionGuid = {7EFA5964-3661-4006-B199-870958030C3D}
	EndGlobalSection
EndGlobal
